
Microsoft Visual Studio Solution File, Format Version 12.00
# Visual Studio 15
VisualStudioVersion = 15.0.27004.2005
MinimumVisualStudioVersion = 10.0.40219.1
Project("{FAE04EC0-301F-11D3-BF4B-00C04F79EFBC}") = "01-suurem väiksem", "01-suurem väiksem\01-suurem väiksem.csproj", "{C3636F7C-585D-4371-B5F7-9EE5636DBDC3}"
EndProject
Project("{FAE04EC0-301F-11D3-BF4B-00C04F79EFBC}") = "02-võrdne", "võrdne\02-võrdne.csproj", "{8D0714DF-0F85-43C7-BBE2-2CEA4D8BFA23}"
EndProject
Project("{FAE04EC0-301F-11D3-BF4B-00C04F79EFBC}") = "03-random", "03-random\03-random.csproj", "{26E3BF6F-C835-4BBC-BED9-7E8F4035EE18}"
EndProject
Project("{FAE04EC0-301F-11D3-BF4B-00C04F79EFBC}") = "04-while", "04-while\04-while.csproj", "{E3E1D5AB-A3EB-4EFD-B9AD-AF92985B92DC}"
EndProject
Project("{FAE04EC0-301F-11D3-BF4B-00C04F79EFBC}") = "05-while(true)", "05-while(true)\05-while(true).csproj", "{A7934A18-F83B-4F90-ADCF-DC9F6BD824CD}"
EndProject
Global
	GlobalSection(SolutionConfigurationPlatforms) = preSolution
		Debug|Any CPU = Debug|Any CPU
		Release|Any CPU = Release|Any CPU
	EndGlobalSection
	GlobalSection(ProjectConfigurationPlatforms) = postSolution
		{C3636F7C-585D-4371-B5F7-9EE5636DBDC3}.Debug|Any CPU.ActiveCfg = Debug|Any CPU
		{C3636F7C-585D-4371-B5F7-9EE5636DBDC3}.Debug|Any CPU.Build.0 = Debug|Any CPU
		{C3636F7C-585D-4371-B5F7-9EE5636DBDC3}.Release|Any CPU.ActiveCfg = Release|Any CPU
		{C3636F7C-585D-4371-B5F7-9EE5636DBDC3}.Release|Any CPU.Build.0 = Release|Any CPU
		{8D0714DF-0F85-43C7-BBE2-2CEA4D8BFA23}.Debug|Any CPU.ActiveCfg = Debug|Any CPU
		{8D0714DF-0F85-43C7-BBE2-2CEA4D8BFA23}.Debug|Any CPU.Build.0 = Debug|Any CPU
		{8D0714DF-0F85-43C7-BBE2-2CEA4D8BFA23}.Release|Any CPU.ActiveCfg = Release|Any CPU
		{8D0714DF-0F85-43C7-BBE2-2CEA4D8BFA23}.Release|Any CPU.Build.0 = Release|Any CPU
		{26E3BF6F-C835-4BBC-BED9-7E8F4035EE18}.Debug|Any CPU.ActiveCfg = Debug|Any CPU
		{26E3BF6F-C835-4BBC-BED9-7E8F4035EE18}.Debug|Any CPU.Build.0 = Debug|Any CPU
		{26E3BF6F-C835-4BBC-BED9-7E8F4035EE18}.Release|Any CPU.ActiveCfg = Release|Any CPU
		{26E3BF6F-C835-4BBC-BED9-7E8F4035EE18}.Release|Any CPU.Build.0 = Release|Any CPU
		{E3E1D5AB-A3EB-4EFD-B9AD-AF92985B92DC}.Debug|Any CPU.ActiveCfg = Debug|Any CPU
		{E3E1D5AB-A3EB-4EFD-B9AD-AF92985B92DC}.Debug|Any CPU.Build.0 = Debug|Any CPU
		{E3E1D5AB-A3EB-4EFD-B9AD-AF92985B92DC}.Release|Any CPU.ActiveCfg = Release|Any CPU
		{E3E1D5AB-A3EB-4EFD-B9AD-AF92985B92DC}.Release|Any CPU.Build.0 = Release|Any CPU
		{A7934A18-F83B-4F90-ADCF-DC9F6BD824CD}.Debug|Any CPU.ActiveCfg = Debug|Any CPU
		{A7934A18-F83B-4F90-ADCF-DC9F6BD824CD}.Debug|Any CPU.Build.0 = Debug|Any CPU
		{A7934A18-F83B-4F90-ADCF-DC9F6BD824CD}.Release|Any CPU.ActiveCfg = Release|Any CPU
		{A7934A18-F83B-4F90-ADCF-DC9F6BD824CD}.Release|Any CPU.Build.0 = Release|Any CPU
	EndGlobalSection
	GlobalSection(SolutionProperties) = preSolution
		HideSolutionNode = FALSE
	EndGlobalSection
	GlobalSection(ExtensibilityGlobals) = postSolution
		SolutionGuid = {44150182-E39E-48C8-923D-4712DCBD645B}
	EndGlobalSection
EndGlobal
