
Microsoft Visual Studio Solution File, Format Version 12.00
# Visual Studio 15
VisualStudioVersion = 15.0.27004.2006
MinimumVisualStudioVersion = 10.0.40219.1
Project("{FAE04EC0-301F-11D3-BF4B-00C04F79EFBC}") = "Exercises", "Exercises\Exercises.csproj", "{F083E878-3380-4A8A-9259-0D1F6928DDC9}"
EndProject
Global
	GlobalSection(SolutionConfigurationPlatforms) = preSolution
		Debug|Any CPU = Debug|Any CPU
		Release|Any CPU = Release|Any CPU
	EndGlobalSection
	GlobalSection(ProjectConfigurationPlatforms) = postSolution
		{F083E878-3380-4A8A-9259-0D1F6928DDC9}.Debug|Any CPU.ActiveCfg = Debug|Any CPU
		{F083E878-3380-4A8A-9259-0D1F6928DDC9}.Debug|Any CPU.Build.0 = Debug|Any CPU
		{F083E878-3380-4A8A-9259-0D1F6928DDC9}.Release|Any CPU.ActiveCfg = Release|Any CPU
		{F083E878-3380-4A8A-9259-0D1F6928DDC9}.Release|Any CPU.Build.0 = Release|Any CPU
	EndGlobalSection
	GlobalSection(SolutionProperties) = preSolution
		HideSolutionNode = FALSE
	EndGlobalSection
	GlobalSection(ExtensibilityGlobals) = postSolution
		SolutionGuid = {4E03E839-02E8-4094-9F88-22A7790B2D9A}
	EndGlobalSection
EndGlobal
