
Microsoft Visual Studio Solution File, Format Version 12.00
# Visual Studio 15
VisualStudioVersion = 15.0.26430.16
MinimumVisualStudioVersion = 10.0.40219.1
Project("{FAE04EC0-301F-11D3-BF4B-00C04F79EFBC}") = "1-Exercise", "1-Exercise\1-Exercise.csproj", "{14FC46B8-AE0C-423F-9476-FA02E06FBC02}"
EndProject
Project("{FAE04EC0-301F-11D3-BF4B-00C04F79EFBC}") = "2-Exericse", "2-Exericse\2-Exericse.csproj", "{797011A4-2F6A-4BE5-AEF4-5F918C1957DF}"
EndProject
Project("{FAE04EC0-301F-11D3-BF4B-00C04F79EFBC}") = "3-Exercise", "3-Exercise\3-Exercise.csproj", "{C37CAD4B-CF81-4ABE-9B46-8E31C619B37A}"
EndProject
Project("{FAE04EC0-301F-11D3-BF4B-00C04F79EFBC}") = "4-Exercise", "4-Exercise\4-Exercise.csproj", "{2F1D570D-B343-49D1-B3DF-0FAFAA0F217A}"
EndProject
Global
	GlobalSection(SolutionConfigurationPlatforms) = preSolution
		Debug|Any CPU = Debug|Any CPU
		Release|Any CPU = Release|Any CPU
	EndGlobalSection
	GlobalSection(ProjectConfigurationPlatforms) = postSolution
		{14FC46B8-AE0C-423F-9476-FA02E06FBC02}.Debug|Any CPU.ActiveCfg = Debug|Any CPU
		{14FC46B8-AE0C-423F-9476-FA02E06FBC02}.Debug|Any CPU.Build.0 = Debug|Any CPU
		{14FC46B8-AE0C-423F-9476-FA02E06FBC02}.Release|Any CPU.ActiveCfg = Release|Any CPU
		{14FC46B8-AE0C-423F-9476-FA02E06FBC02}.Release|Any CPU.Build.0 = Release|Any CPU
		{797011A4-2F6A-4BE5-AEF4-5F918C1957DF}.Debug|Any CPU.ActiveCfg = Debug|Any CPU
		{797011A4-2F6A-4BE5-AEF4-5F918C1957DF}.Debug|Any CPU.Build.0 = Debug|Any CPU
		{797011A4-2F6A-4BE5-AEF4-5F918C1957DF}.Release|Any CPU.ActiveCfg = Release|Any CPU
		{797011A4-2F6A-4BE5-AEF4-5F918C1957DF}.Release|Any CPU.Build.0 = Release|Any CPU
		{C37CAD4B-CF81-4ABE-9B46-8E31C619B37A}.Debug|Any CPU.ActiveCfg = Debug|Any CPU
		{C37CAD4B-CF81-4ABE-9B46-8E31C619B37A}.Debug|Any CPU.Build.0 = Debug|Any CPU
		{C37CAD4B-CF81-4ABE-9B46-8E31C619B37A}.Release|Any CPU.ActiveCfg = Release|Any CPU
		{C37CAD4B-CF81-4ABE-9B46-8E31C619B37A}.Release|Any CPU.Build.0 = Release|Any CPU
		{2F1D570D-B343-49D1-B3DF-0FAFAA0F217A}.Debug|Any CPU.ActiveCfg = Debug|Any CPU
		{2F1D570D-B343-49D1-B3DF-0FAFAA0F217A}.Debug|Any CPU.Build.0 = Debug|Any CPU
		{2F1D570D-B343-49D1-B3DF-0FAFAA0F217A}.Release|Any CPU.ActiveCfg = Release|Any CPU
		{2F1D570D-B343-49D1-B3DF-0FAFAA0F217A}.Release|Any CPU.Build.0 = Release|Any CPU
	EndGlobalSection
	GlobalSection(SolutionProperties) = preSolution
		HideSolutionNode = FALSE
	EndGlobalSection
EndGlobal
